// !$*UTF8*$!
{
	archiveVersion = 1;
	classes = {
	};
	objectVersion = 46;
	objects = {

/* Begin PBXBuildFile section */
		16218E4E1C4A50C7002CA83C /* main.swift in Sources */ = {isa = PBXBuildFile; fileRef = 16218E4D1C4A50C7002CA83C /* main.swift */; };
		16218E521C4A528F002CA83C /* HttpServer.swift in Sources */ = {isa = PBXBuildFile; fileRef = 1679966E1C49245F0055AB08 /* HttpServer.swift */; };
		16218E551C4A5F9E002CA83C /* bar.less in Resources */ = {isa = PBXBuildFile; fileRef = 16218E531C4A5F9E002CA83C /* bar.less */; };
		16218E561C4A5F9E002CA83C /* foo.less in Resources */ = {isa = PBXBuildFile; fileRef = 16218E541C4A5F9E002CA83C /* foo.less */; };
		1625B87E1B5CF9B1005B5717 /* Selector.swift in Sources */ = {isa = PBXBuildFile; fileRef = 1625B87D1B5CF9B1005B5717 /* Selector.swift */; };
		1625B8801B5CFAB6005B5717 /* Condition.swift in Sources */ = {isa = PBXBuildFile; fileRef = 1625B87F1B5CFAB6005B5717 /* Condition.swift */; };
		162A33471B7201BE00B7ECC3 /* ApperanceProxy.swift in Sources */ = {isa = PBXBuildFile; fileRef = 162A33461B7201BE00B7ECC3 /* ApperanceProxy.swift */; };
		162A33491B720B7400B7ECC3 /* AppearanceManager.swift in Sources */ = {isa = PBXBuildFile; fileRef = 162A33481B720B7400B7ECC3 /* AppearanceManager.swift */; };
		164F359E1B5BE22F00E01834 /* Reflektor.h in Headers */ = {isa = PBXBuildFile; fileRef = 164F359D1B5BE22F00E01834 /* Reflektor.h */; settings = {ATTRIBUTES = (Public, ); }; };
		164F35A51B5BE22F00E01834 /* Reflektor.framework in Frameworks */ = {isa = PBXBuildFile; fileRef = 164F359A1B5BE22F00E01834 /* Reflektor.framework */; };
		164F35AA1B5BE22F00E01834 /* ConditionTests.swift in Sources */ = {isa = PBXBuildFile; fileRef = 164F35A91B5BE22F00E01834 /* ConditionTests.swift */; };
		164F35B51B5BE25D00E01834 /* Configuration.swift in Sources */ = {isa = PBXBuildFile; fileRef = 164F35B41B5BE25D00E01834 /* Configuration.swift */; };
		164F35CA1B5BE3AC00E01834 /* LessLexer.h in Headers */ = {isa = PBXBuildFile; fileRef = 164F35C51B5BE3AC00E01834 /* LessLexer.h */; settings = {ATTRIBUTES = (Public, ); }; };
		164F35CB1B5BE3AC00E01834 /* LessLexer.m in Sources */ = {isa = PBXBuildFile; fileRef = 164F35C61B5BE3AC00E01834 /* LessLexer.m */; };
		164F35CC1B5BE3AC00E01834 /* LessLexer.m in Sources */ = {isa = PBXBuildFile; fileRef = 164F35C61B5BE3AC00E01834 /* LessLexer.m */; };
		164F35D41B5BE53400E01834 /* Parser.swift in Sources */ = {isa = PBXBuildFile; fileRef = 164F35D31B5BE53400E01834 /* Parser.swift */; };
		164F35D51B5BE53400E01834 /* Parser.swift in Sources */ = {isa = PBXBuildFile; fileRef = 164F35D31B5BE53400E01834 /* Parser.swift */; };
		1679966F1C49245F0055AB08 /* HttpServer.swift in Sources */ = {isa = PBXBuildFile; fileRef = 1679966E1C49245F0055AB08 /* HttpServer.swift */; };
		167996721C492CE00055AB08 /* HttpServer.swift in Sources */ = {isa = PBXBuildFile; fileRef = 1679966E1C49245F0055AB08 /* HttpServer.swift */; };
		167A63461B70F19400B91EA3 /* PropertyValueTests.swift in Sources */ = {isa = PBXBuildFile; fileRef = 167A63451B70F19400B91EA3 /* PropertyValueTests.swift */; };
		16A207FE1B77A20800BEA26D /* Constraints.swift in Sources */ = {isa = PBXBuildFile; fileRef = 16A207FD1B77A20800BEA26D /* Constraints.swift */; };
		16A207FF1B77A20800BEA26D /* Constraints.swift in Sources */ = {isa = PBXBuildFile; fileRef = 16A207FD1B77A20800BEA26D /* Constraints.swift */; };
		16A211721B5F88D50051F149 /* SelectorTest.swift in Sources */ = {isa = PBXBuildFile; fileRef = 16A211711B5F88D50051F149 /* SelectorTest.swift */; };
		16A917C31B78D4A600A8A7B6 /* ConstraintTest.swift in Sources */ = {isa = PBXBuildFile; fileRef = 16A917C21B78D4A600A8A7B6 /* ConstraintTest.swift */; };
		16ACE38A1B74F09E00FBA867 /* Additions.h in Headers */ = {isa = PBXBuildFile; fileRef = 16ACE3881B74F09E00FBA867 /* Additions.h */; settings = {ATTRIBUTES = (Public, ); }; };
		16ACE38B1B74F09E00FBA867 /* Additions.m in Sources */ = {isa = PBXBuildFile; fileRef = 16ACE3891B74F09E00FBA867 /* Additions.m */; };
		16B9129A1B5E60CE00B61761 /* PropertyValue.swift in Sources */ = {isa = PBXBuildFile; fileRef = 16B912991B5E60CE00B61761 /* PropertyValue.swift */; };
		16B912A41B5E909D00B61761 /* Configuration.swift in Sources */ = {isa = PBXBuildFile; fileRef = 164F35B41B5BE25D00E01834 /* Configuration.swift */; };
		16B912A51B5E909D00B61761 /* Selector.swift in Sources */ = {isa = PBXBuildFile; fileRef = 1625B87D1B5CF9B1005B5717 /* Selector.swift */; };
		16B912A61B5E909D00B61761 /* Condition.swift in Sources */ = {isa = PBXBuildFile; fileRef = 1625B87F1B5CFAB6005B5717 /* Condition.swift */; };
		16B912A71B5E909D00B61761 /* PropertyValue.swift in Sources */ = {isa = PBXBuildFile; fileRef = 16B912991B5E60CE00B61761 /* PropertyValue.swift */; };
		16F00DCB1B72B18100B03707 /* ParserTests.swift in Sources */ = {isa = PBXBuildFile; fileRef = 16F00DCA1B72B18100B03707 /* ParserTests.swift */; };
/* End PBXBuildFile section */

/* Begin PBXContainerItemProxy section */
		164F35A61B5BE22F00E01834 /* PBXContainerItemProxy */ = {
			isa = PBXContainerItemProxy;
			containerPortal = 164F35911B5BE22F00E01834 /* Project object */;
			proxyType = 1;
			remoteGlobalIDString = 164F35991B5BE22F00E01834;
			remoteInfo = "ReflektorKit-Swift";
		};
/* End PBXContainerItemProxy section */

/* Begin PBXCopyFilesBuildPhase section */
		16218E491C4A50C7002CA83C /* CopyFiles */ = {
			isa = PBXCopyFilesBuildPhase;
			buildActionMask = 2147483647;
			dstPath = /usr/share/man/man1/;
			dstSubfolderSpec = 0;
			files = (
			);
			runOnlyForDeploymentPostprocessing = 1;
		};
/* End PBXCopyFilesBuildPhase section */

/* Begin PBXFileReference section */
		16218E4B1C4A50C7002CA83C /* Watch */ = {isa = PBXFileReference; explicitFileType = "compiled.mach-o.executable"; includeInIndex = 0; path = Watch; sourceTree = BUILT_PRODUCTS_DIR; };
		16218E4D1C4A50C7002CA83C /* main.swift */ = {isa = PBXFileReference; lastKnownFileType = sourcecode.swift; path = main.swift; sourceTree = "<group>"; };
		16218E531C4A5F9E002CA83C /* bar.less */ = {isa = PBXFileReference; fileEncoding = 4; lastKnownFileType = text; path = bar.less; sourceTree = "<group>"; };
		16218E541C4A5F9E002CA83C /* foo.less */ = {isa = PBXFileReference; fileEncoding = 4; lastKnownFileType = text; path = foo.less; sourceTree = "<group>"; };
		1625B87D1B5CF9B1005B5717 /* Selector.swift */ = {isa = PBXFileReference; fileEncoding = 4; lastKnownFileType = sourcecode.swift; path = Selector.swift; sourceTree = "<group>"; };
		1625B87F1B5CFAB6005B5717 /* Condition.swift */ = {isa = PBXFileReference; fileEncoding = 4; lastKnownFileType = sourcecode.swift; path = Condition.swift; sourceTree = "<group>"; };
		162A33441B71FFE200B7ECC3 /* README.md */ = {isa = PBXFileReference; fileEncoding = 4; lastKnownFileType = net.daringfireball.markdown; path = README.md; sourceTree = "<group>"; };
		162A33461B7201BE00B7ECC3 /* ApperanceProxy.swift */ = {isa = PBXFileReference; fileEncoding = 4; lastKnownFileType = sourcecode.swift; path = ApperanceProxy.swift; sourceTree = "<group>"; };
		162A33481B720B7400B7ECC3 /* AppearanceManager.swift */ = {isa = PBXFileReference; fileEncoding = 4; lastKnownFileType = sourcecode.swift; path = AppearanceManager.swift; sourceTree = "<group>"; };
		164F359A1B5BE22F00E01834 /* Reflektor.framework */ = {isa = PBXFileReference; explicitFileType = wrapper.framework; includeInIndex = 0; path = Reflektor.framework; sourceTree = BUILT_PRODUCTS_DIR; };
		164F359D1B5BE22F00E01834 /* Reflektor.h */ = {isa = PBXFileReference; lastKnownFileType = sourcecode.c.h; path = Reflektor.h; sourceTree = "<group>"; };
		164F359F1B5BE22F00E01834 /* Info.plist */ = {isa = PBXFileReference; lastKnownFileType = text.plist.xml; path = Info.plist; sourceTree = "<group>"; };
		164F35A41B5BE22F00E01834 /* ReflektorTests.xctest */ = {isa = PBXFileReference; explicitFileType = wrapper.cfbundle; includeInIndex = 0; path = ReflektorTests.xctest; sourceTree = BUILT_PRODUCTS_DIR; };
		164F35A91B5BE22F00E01834 /* ConditionTests.swift */ = {isa = PBXFileReference; lastKnownFileType = sourcecode.swift; path = ConditionTests.swift; sourceTree = "<group>"; };
		164F35AB1B5BE22F00E01834 /* Info.plist */ = {isa = PBXFileReference; lastKnownFileType = text.plist.xml; path = Info.plist; sourceTree = "<group>"; };
		164F35B41B5BE25D00E01834 /* Configuration.swift */ = {isa = PBXFileReference; fileEncoding = 4; lastKnownFileType = sourcecode.swift; path = Configuration.swift; sourceTree = "<group>"; };
		164F35B71B5BE38600E01834 /* ReflektorKitSwiftTests-Bridging-Header.h */ = {isa = PBXFileReference; lastKnownFileType = sourcecode.c.h; path = "ReflektorKitSwiftTests-Bridging-Header.h"; sourceTree = "<group>"; };
		164F35C51B5BE3AC00E01834 /* LessLexer.h */ = {isa = PBXFileReference; fileEncoding = 4; lastKnownFileType = sourcecode.c.h; name = LessLexer.h; path = Dependencies/LessLexer.h; sourceTree = "<group>"; };
		164F35C61B5BE3AC00E01834 /* LessLexer.m */ = {isa = PBXFileReference; fileEncoding = 4; lastKnownFileType = sourcecode.c.objc; name = LessLexer.m; path = Dependencies/LessLexer.m; sourceTree = "<group>"; };
		164F35D31B5BE53400E01834 /* Parser.swift */ = {isa = PBXFileReference; fileEncoding = 4; lastKnownFileType = sourcecode.swift; path = Parser.swift; sourceTree = "<group>"; };
		1679966E1C49245F0055AB08 /* HttpServer.swift */ = {isa = PBXFileReference; fileEncoding = 4; lastKnownFileType = sourcecode.swift; name = HttpServer.swift; path = Dependencies/HttpServer.swift; sourceTree = "<group>"; };
		167A63451B70F19400B91EA3 /* PropertyValueTests.swift */ = {isa = PBXFileReference; fileEncoding = 4; lastKnownFileType = sourcecode.swift; path = PropertyValueTests.swift; sourceTree = "<group>"; };
		16A207FD1B77A20800BEA26D /* Constraints.swift */ = {isa = PBXFileReference; fileEncoding = 4; lastKnownFileType = sourcecode.swift; path = Constraints.swift; sourceTree = "<group>"; };
		16A211711B5F88D50051F149 /* SelectorTest.swift */ = {isa = PBXFileReference; fileEncoding = 4; lastKnownFileType = sourcecode.swift; path = SelectorTest.swift; sourceTree = "<group>"; };
		16A917C21B78D4A600A8A7B6 /* ConstraintTest.swift */ = {isa = PBXFileReference; fileEncoding = 4; lastKnownFileType = sourcecode.swift; path = ConstraintTest.swift; sourceTree = "<group>"; };
		16ACE3881B74F09E00FBA867 /* Additions.h */ = {isa = PBXFileReference; fileEncoding = 4; lastKnownFileType = sourcecode.c.h; name = Additions.h; path = Dependencies/Additions.h; sourceTree = "<group>"; };
		16ACE3891B74F09E00FBA867 /* Additions.m */ = {isa = PBXFileReference; fileEncoding = 4; lastKnownFileType = sourcecode.c.objc; name = Additions.m; path = Dependencies/Additions.m; sourceTree = "<group>"; };
		16B912991B5E60CE00B61761 /* PropertyValue.swift */ = {isa = PBXFileReference; fileEncoding = 4; lastKnownFileType = sourcecode.swift; path = PropertyValue.swift; sourceTree = "<group>"; };
		16F00DCA1B72B18100B03707 /* ParserTests.swift */ = {isa = PBXFileReference; fileEncoding = 4; lastKnownFileType = sourcecode.swift; path = ParserTests.swift; sourceTree = "<group>"; };
/* End PBXFileReference section */

/* Begin PBXFrameworksBuildPhase section */
		16218E481C4A50C7002CA83C /* Frameworks */ = {
			isa = PBXFrameworksBuildPhase;
			buildActionMask = 2147483647;
			files = (
			);
			runOnlyForDeploymentPostprocessing = 0;
		};
		164F35961B5BE22F00E01834 /* Frameworks */ = {
			isa = PBXFrameworksBuildPhase;
			buildActionMask = 2147483647;
			files = (
			);
			runOnlyForDeploymentPostprocessing = 0;
		};
		164F35A11B5BE22F00E01834 /* Frameworks */ = {
			isa = PBXFrameworksBuildPhase;
			buildActionMask = 2147483647;
			files = (
				164F35A51B5BE22F00E01834 /* Reflektor.framework in Frameworks */,
			);
			runOnlyForDeploymentPostprocessing = 0;
		};
/* End PBXFrameworksBuildPhase section */

/* Begin PBXGroup section */
		16218E4C1C4A50C7002CA83C /* Watch */ = {
			isa = PBXGroup;
			children = (
				16218E4D1C4A50C7002CA83C /* main.swift */,
			);
			path = Watch;
			sourceTree = "<group>";
		};
		164F35901B5BE22F00E01834 = {
			isa = PBXGroup;
			children = (
				164F359C1B5BE22F00E01834 /* Reflektor */,
				164F35A81B5BE22F00E01834 /* Tests */,
				16218E4C1C4A50C7002CA83C /* Watch */,
				164F359B1B5BE22F00E01834 /* Products */,
			);
			sourceTree = "<group>";
		};
		164F359B1B5BE22F00E01834 /* Products */ = {
			isa = PBXGroup;
			children = (
				164F359A1B5BE22F00E01834 /* Reflektor.framework */,
				164F35A41B5BE22F00E01834 /* ReflektorTests.xctest */,
				16218E4B1C4A50C7002CA83C /* Watch */,
			);
			name = Products;
			sourceTree = "<group>";
		};
		164F359C1B5BE22F00E01834 /* Reflektor */ = {
			isa = PBXGroup;
			children = (
				164F35B61B5BE36000E01834 /* Dependencies */,
				164F359D1B5BE22F00E01834 /* Reflektor.h */,
				164F359F1B5BE22F00E01834 /* Info.plist */,
				164F35B41B5BE25D00E01834 /* Configuration.swift */,
				164F35D31B5BE53400E01834 /* Parser.swift */,
				1625B87D1B5CF9B1005B5717 /* Selector.swift */,
				1625B87F1B5CFAB6005B5717 /* Condition.swift */,
				16B912991B5E60CE00B61761 /* PropertyValue.swift */,
				162A33481B720B7400B7ECC3 /* AppearanceManager.swift */,
				162A33461B7201BE00B7ECC3 /* ApperanceProxy.swift */,
				16A207FD1B77A20800BEA26D /* Constraints.swift */,
				1679966E1C49245F0055AB08 /* HttpServer.swift */,
				162A33441B71FFE200B7ECC3 /* README.md */,
			);
			name = Reflektor;
			path = "ReflektorKit-Swift";
			sourceTree = "<group>";
		};
		164F35A81B5BE22F00E01834 /* Tests */ = {
			isa = PBXGroup;
			children = (
				164F35A91B5BE22F00E01834 /* ConditionTests.swift */,
				16A211711B5F88D50051F149 /* SelectorTest.swift */,
				167A63451B70F19400B91EA3 /* PropertyValueTests.swift */,
				16F00DCA1B72B18100B03707 /* ParserTests.swift */,
				16A917C21B78D4A600A8A7B6 /* ConstraintTest.swift */,
				16218E531C4A5F9E002CA83C /* bar.less */,
				16218E541C4A5F9E002CA83C /* foo.less */,
				164F35AB1B5BE22F00E01834 /* Info.plist */,
			);
			name = Tests;
			path = "ReflektorKit-SwiftTests";
			sourceTree = "<group>";
		};
		164F35B61B5BE36000E01834 /* Dependencies */ = {
			isa = PBXGroup;
			children = (
				164F35B71B5BE38600E01834 /* ReflektorKitSwiftTests-Bridging-Header.h */,
				164F35C51B5BE3AC00E01834 /* LessLexer.h */,
				164F35C61B5BE3AC00E01834 /* LessLexer.m */,
				16ACE3881B74F09E00FBA867 /* Additions.h */,
				16ACE3891B74F09E00FBA867 /* Additions.m */,
			);
			name = Dependencies;
			sourceTree = "<group>";
		};
/* End PBXGroup section */

/* Begin PBXHeadersBuildPhase section */
		164F35971B5BE22F00E01834 /* Headers */ = {
			isa = PBXHeadersBuildPhase;
			buildActionMask = 2147483647;
			files = (
				16ACE38A1B74F09E00FBA867 /* Additions.h in Headers */,
				164F359E1B5BE22F00E01834 /* Reflektor.h in Headers */,
				164F35CA1B5BE3AC00E01834 /* LessLexer.h in Headers */,
			);
			runOnlyForDeploymentPostprocessing = 0;
		};
/* End PBXHeadersBuildPhase section */

/* Begin PBXNativeTarget section */
		16218E4A1C4A50C7002CA83C /* Watch */ = {
			isa = PBXNativeTarget;
			buildConfigurationList = 16218E511C4A50C7002CA83C /* Build configuration list for PBXNativeTarget "Watch" */;
			buildPhases = (
				16218E471C4A50C7002CA83C /* Sources */,
				16218E481C4A50C7002CA83C /* Frameworks */,
				16218E491C4A50C7002CA83C /* CopyFiles */,
			);
			buildRules = (
			);
			dependencies = (
			);
			name = Watch;
			productName = Watch;
			productReference = 16218E4B1C4A50C7002CA83C /* Watch */;
			productType = "com.apple.product-type.tool";
		};
		164F35991B5BE22F00E01834 /* Reflektor */ = {
			isa = PBXNativeTarget;
			buildConfigurationList = 164F35AE1B5BE22F00E01834 /* Build configuration list for PBXNativeTarget "Reflektor" */;
			buildPhases = (
				164F35951B5BE22F00E01834 /* Sources */,
				164F35961B5BE22F00E01834 /* Frameworks */,
				164F35971B5BE22F00E01834 /* Headers */,
				164F35981B5BE22F00E01834 /* Resources */,
			);
			buildRules = (
			);
			dependencies = (
			);
			name = Reflektor;
			productName = "ReflektorKit-Swift";
			productReference = 164F359A1B5BE22F00E01834 /* Reflektor.framework */;
			productType = "com.apple.product-type.framework";
		};
		164F35A31B5BE22F00E01834 /* ReflektorTests */ = {
			isa = PBXNativeTarget;
			buildConfigurationList = 164F35B11B5BE22F00E01834 /* Build configuration list for PBXNativeTarget "ReflektorTests" */;
			buildPhases = (
				164F35A01B5BE22F00E01834 /* Sources */,
				164F35A11B5BE22F00E01834 /* Frameworks */,
				164F35A21B5BE22F00E01834 /* Resources */,
			);
			buildRules = (
			);
			dependencies = (
				164F35A71B5BE22F00E01834 /* PBXTargetDependency */,
			);
			name = ReflektorTests;
			productName = "ReflektorKit-SwiftTests";
			productReference = 164F35A41B5BE22F00E01834 /* ReflektorTests.xctest */;
			productType = "com.apple.product-type.bundle.unit-test";
		};
/* End PBXNativeTarget section */

/* Begin PBXProject section */
		164F35911B5BE22F00E01834 /* Project object */ = {
			isa = PBXProject;
			attributes = {
				LastSwiftUpdateCheck = 0720;
				LastUpgradeCheck = 0700;
				ORGANIZATIONNAME = ReflektorKit;
				TargetAttributes = {
					16218E4A1C4A50C7002CA83C = {
						CreatedOnToolsVersion = 7.2;
					};
					164F35991B5BE22F00E01834 = {
						CreatedOnToolsVersion = 7.0;
					};
					164F35A31B5BE22F00E01834 = {
						CreatedOnToolsVersion = 7.0;
					};
				};
			};
			buildConfigurationList = 164F35941B5BE22F00E01834 /* Build configuration list for PBXProject "ReflektorKitSwift" */;
			compatibilityVersion = "Xcode 3.2";
			developmentRegion = English;
			hasScannedForEncodings = 0;
			knownRegions = (
				en,
			);
			mainGroup = 164F35901B5BE22F00E01834;
			productRefGroup = 164F359B1B5BE22F00E01834 /* Products */;
			projectDirPath = "";
			projectRoot = "";
			targets = (
				164F35991B5BE22F00E01834 /* Reflektor */,
				164F35A31B5BE22F00E01834 /* ReflektorTests */,
				16218E4A1C4A50C7002CA83C /* Watch */,
			);
		};
/* End PBXProject section */

/* Begin PBXResourcesBuildPhase section */
		164F35981B5BE22F00E01834 /* Resources */ = {
			isa = PBXResourcesBuildPhase;
			buildActionMask = 2147483647;
			files = (
			);
			runOnlyForDeploymentPostprocessing = 0;
		};
		164F35A21B5BE22F00E01834 /* Resources */ = {
			isa = PBXResourcesBuildPhase;
			buildActionMask = 2147483647;
			files = (
				16218E551C4A5F9E002CA83C /* bar.less in Resources */,
				16218E561C4A5F9E002CA83C /* foo.less in Resources */,
			);
			runOnlyForDeploymentPostprocessing = 0;
		};
/* End PBXResourcesBuildPhase section */

/* Begin PBXSourcesBuildPhase section */
		16218E471C4A50C7002CA83C /* Sources */ = {
			isa = PBXSourcesBuildPhase;
			buildActionMask = 2147483647;
			files = (
				16218E521C4A528F002CA83C /* HttpServer.swift in Sources */,
				16218E4E1C4A50C7002CA83C /* main.swift in Sources */,
			);
			runOnlyForDeploymentPostprocessing = 0;
		};
		164F35951B5BE22F00E01834 /* Sources */ = {
			isa = PBXSourcesBuildPhase;
			buildActionMask = 2147483647;
			files = (
				164F35CB1B5BE3AC00E01834 /* LessLexer.m in Sources */,
				162A33471B7201BE00B7ECC3 /* ApperanceProxy.swift in Sources */,
				1625B87E1B5CF9B1005B5717 /* Selector.swift in Sources */,
				16A207FE1B77A20800BEA26D /* Constraints.swift in Sources */,
				164F35B51B5BE25D00E01834 /* Configuration.swift in Sources */,
				164F35D41B5BE53400E01834 /* Parser.swift in Sources */,
				16ACE38B1B74F09E00FBA867 /* Additions.m in Sources */,
				16B9129A1B5E60CE00B61761 /* PropertyValue.swift in Sources */,
				1625B8801B5CFAB6005B5717 /* Condition.swift in Sources */,
				1679966F1C49245F0055AB08 /* HttpServer.swift in Sources */,
				162A33491B720B7400B7ECC3 /* AppearanceManager.swift in Sources */,
			);
			runOnlyForDeploymentPostprocessing = 0;
		};
		164F35A01B5BE22F00E01834 /* Sources */ = {
			isa = PBXSourcesBuildPhase;
			buildActionMask = 2147483647;
			files = (
				167996721C492CE00055AB08 /* HttpServer.swift in Sources */,
				16A211721B5F88D50051F149 /* SelectorTest.swift in Sources */,
				16B912A71B5E909D00B61761 /* PropertyValue.swift in Sources */,
				16B912A41B5E909D00B61761 /* Configuration.swift in Sources */,
				16A207FF1B77A20800BEA26D /* Constraints.swift in Sources */,
				167A63461B70F19400B91EA3 /* PropertyValueTests.swift in Sources */,
				16F00DCB1B72B18100B03707 /* ParserTests.swift in Sources */,
				16B912A61B5E909D00B61761 /* Condition.swift in Sources */,
				16B912A51B5E909D00B61761 /* Selector.swift in Sources */,
				164F35CC1B5BE3AC00E01834 /* LessLexer.m in Sources */,
				164F35AA1B5BE22F00E01834 /* ConditionTests.swift in Sources */,
				16A917C31B78D4A600A8A7B6 /* ConstraintTest.swift in Sources */,
				164F35D51B5BE53400E01834 /* Parser.swift in Sources */,
			);
			runOnlyForDeploymentPostprocessing = 0;
		};
/* End PBXSourcesBuildPhase section */

/* Begin PBXTargetDependency section */
		164F35A71B5BE22F00E01834 /* PBXTargetDependency */ = {
			isa = PBXTargetDependency;
			target = 164F35991B5BE22F00E01834 /* Reflektor */;
			targetProxy = 164F35A61B5BE22F00E01834 /* PBXContainerItemProxy */;
		};
/* End PBXTargetDependency section */

/* Begin XCBuildConfiguration section */
		16218E4F1C4A50C7002CA83C /* Debug */ = {
			isa = XCBuildConfiguration;
			buildSettings = {
				CODE_SIGN_IDENTITY = "-";
				MACOSX_DEPLOYMENT_TARGET = 10.11;
				PRODUCT_NAME = "$(TARGET_NAME)";
				SDKROOT = macosx;
			};
			name = Debug;
		};
		16218E501C4A50C7002CA83C /* Release */ = {
			isa = XCBuildConfiguration;
			buildSettings = {
				CODE_SIGN_IDENTITY = "-";
				MACOSX_DEPLOYMENT_TARGET = 10.11;
				PRODUCT_NAME = "$(TARGET_NAME)";
				SDKROOT = macosx;
			};
			name = Release;
		};
		164F35AC1B5BE22F00E01834 /* Debug */ = {
			isa = XCBuildConfiguration;
			buildSettings = {
				ALWAYS_SEARCH_USER_PATHS = NO;
				CLANG_CXX_LANGUAGE_STANDARD = "gnu++0x";
				CLANG_CXX_LIBRARY = "libc++";
				CLANG_ENABLE_MODULES = YES;
				CLANG_ENABLE_OBJC_ARC = YES;
				CLANG_WARN_BOOL_CONVERSION = YES;
				CLANG_WARN_CONSTANT_CONVERSION = YES;
				CLANG_WARN_DIRECT_OBJC_ISA_USAGE = YES_ERROR;
				CLANG_WARN_EMPTY_BODY = YES;
				CLANG_WARN_ENUM_CONVERSION = YES;
				CLANG_WARN_INT_CONVERSION = YES;
				CLANG_WARN_OBJC_ROOT_CLASS = YES_ERROR;
				CLANG_WARN_UNREACHABLE_CODE = YES;
				CLANG_WARN__DUPLICATE_METHOD_MATCH = YES;
				"CODE_SIGN_IDENTITY[sdk=iphoneos*]" = "iPhone Developer";
				COPY_PHASE_STRIP = NO;
				CURRENT_PROJECT_VERSION = 1;
				DEBUG_INFORMATION_FORMAT = dwarf;
				ENABLE_STRICT_OBJC_MSGSEND = YES;
				ENABLE_TESTABILITY = YES;
				GCC_C_LANGUAGE_STANDARD = gnu99;
				GCC_DYNAMIC_NO_PIC = NO;
				GCC_NO_COMMON_BLOCKS = YES;
				GCC_OPTIMIZATION_LEVEL = 0;
				GCC_PREPROCESSOR_DEFINITIONS = (
					"DEBUG=1",
					"$(inherited)",
				);
				GCC_WARN_64_TO_32_BIT_CONVERSION = YES;
				GCC_WARN_ABOUT_RETURN_TYPE = YES_ERROR;
				GCC_WARN_UNDECLARED_SELECTOR = YES;
				GCC_WARN_UNINITIALIZED_AUTOS = YES_AGGRESSIVE;
				GCC_WARN_UNUSED_FUNCTION = YES;
				GCC_WARN_UNUSED_VARIABLE = YES;
				IPHONEOS_DEPLOYMENT_TARGET = 9.0;
				MTL_ENABLE_DEBUG_INFO = YES;
				ONLY_ACTIVE_ARCH = YES;
				SDKROOT = iphoneos;
				SWIFT_OPTIMIZATION_LEVEL = "-Onone";
				TARGETED_DEVICE_FAMILY = "1,2";
				VERSIONING_SYSTEM = "apple-generic";
				VERSION_INFO_PREFIX = "";
			};
			name = Debug;
		};
		164F35AD1B5BE22F00E01834 /* Release */ = {
			isa = XCBuildConfiguration;
			buildSettings = {
				ALWAYS_SEARCH_USER_PATHS = NO;
				CLANG_CXX_LANGUAGE_STANDARD = "gnu++0x";
				CLANG_CXX_LIBRARY = "libc++";
				CLANG_ENABLE_MODULES = YES;
				CLANG_ENABLE_OBJC_ARC = YES;
				CLANG_WARN_BOOL_CONVERSION = YES;
				CLANG_WARN_CONSTANT_CONVERSION = YES;
				CLANG_WARN_DIRECT_OBJC_ISA_USAGE = YES_ERROR;
				CLANG_WARN_EMPTY_BODY = YES;
				CLANG_WARN_ENUM_CONVERSION = YES;
				CLANG_WARN_INT_CONVERSION = YES;
				CLANG_WARN_OBJC_ROOT_CLASS = YES_ERROR;
				CLANG_WARN_UNREACHABLE_CODE = YES;
				CLANG_WARN__DUPLICATE_METHOD_MATCH = YES;
				"CODE_SIGN_IDENTITY[sdk=iphoneos*]" = "iPhone Developer";
				COPY_PHASE_STRIP = NO;
				CURRENT_PROJECT_VERSION = 1;
				DEBUG_INFORMATION_FORMAT = "dwarf-with-dsym";
				ENABLE_NS_ASSERTIONS = NO;
				ENABLE_STRICT_OBJC_MSGSEND = YES;
				GCC_C_LANGUAGE_STANDARD = gnu99;
				GCC_NO_COMMON_BLOCKS = YES;
				GCC_WARN_64_TO_32_BIT_CONVERSION = YES;
				GCC_WARN_ABOUT_RETURN_TYPE = YES_ERROR;
				GCC_WARN_UNDECLARED_SELECTOR = YES;
				GCC_WARN_UNINITIALIZED_AUTOS = YES_AGGRESSIVE;
				GCC_WARN_UNUSED_FUNCTION = YES;
				GCC_WARN_UNUSED_VARIABLE = YES;
				IPHONEOS_DEPLOYMENT_TARGET = 9.0;
				MTL_ENABLE_DEBUG_INFO = NO;
				SDKROOT = iphoneos;
				TARGETED_DEVICE_FAMILY = "1,2";
				VALIDATE_PRODUCT = YES;
				VERSIONING_SYSTEM = "apple-generic";
				VERSION_INFO_PREFIX = "";
			};
			name = Release;
		};
		164F35AF1B5BE22F00E01834 /* Debug */ = {
			isa = XCBuildConfiguration;
			buildSettings = {
				CLANG_ENABLE_MODULES = YES;
				DEFINES_MODULE = YES;
				DYLIB_COMPATIBILITY_VERSION = 1;
				DYLIB_CURRENT_VERSION = 1;
				DYLIB_INSTALL_NAME_BASE = "@rpath";
				INFOPLIST_FILE = "ReflektorKit-Swift/Info.plist";
				INSTALL_PATH = "$(LOCAL_LIBRARY_DIR)/Frameworks";
				LD_RUNPATH_SEARCH_PATHS = "$(inherited) @executable_path/Frameworks @loader_path/Frameworks";
				PRODUCT_BUNDLE_IDENTIFIER = com.reflektorKit.Reflektor;
				PRODUCT_NAME = "$(TARGET_NAME)";
				SKIP_INSTALL = YES;
				SWIFT_OPTIMIZATION_LEVEL = "-Onone";
			};
			name = Debug;
		};
		164F35B01B5BE22F00E01834 /* Release */ = {
			isa = XCBuildConfiguration;
			buildSettings = {
				CLANG_ENABLE_MODULES = YES;
				DEFINES_MODULE = YES;
				DYLIB_COMPATIBILITY_VERSION = 1;
				DYLIB_CURRENT_VERSION = 1;
				DYLIB_INSTALL_NAME_BASE = "@rpath";
				INFOPLIST_FILE = "ReflektorKit-Swift/Info.plist";
				INSTALL_PATH = "$(LOCAL_LIBRARY_DIR)/Frameworks";
				LD_RUNPATH_SEARCH_PATHS = "$(inherited) @executable_path/Frameworks @loader_path/Frameworks";
				PRODUCT_BUNDLE_IDENTIFIER = com.reflektorKit.Reflektor;
				PRODUCT_NAME = "$(TARGET_NAME)";
				SKIP_INSTALL = YES;
			};
			name = Release;
		};
		164F35B21B5BE22F00E01834 /* Debug */ = {
			isa = XCBuildConfiguration;
			buildSettings = {
				CLANG_ENABLE_MODULES = YES;
				INFOPLIST_FILE = "ReflektorKit-SwiftTests/Info.plist";
				LD_RUNPATH_SEARCH_PATHS = "$(inherited) @executable_path/Frameworks @loader_path/Frameworks";
				PRODUCT_BUNDLE_IDENTIFIER = "com.reflektorKit.ReflektorKit-SwiftTests";
				PRODUCT_NAME = "$(TARGET_NAME)";
				SWIFT_OBJC_BRIDGING_HEADER = "ReflektorKit-Swift/ReflektorKitSwiftTests-Bridging-Header.h";
				SWIFT_OPTIMIZATION_LEVEL = "-Onone";
			};
			name = Debug;
		};
		164F35B31B5BE22F00E01834 /* Release */ = {
			isa = XCBuildConfiguration;
			buildSettings = {
				CLANG_ENABLE_MODULES = YES;
				INFOPLIST_FILE = "ReflektorKit-SwiftTests/Info.plist";
				LD_RUNPATH_SEARCH_PATHS = "$(inherited) @executable_path/Frameworks @loader_path/Frameworks";
				PRODUCT_BUNDLE_IDENTIFIER = "com.reflektorKit.ReflektorKit-SwiftTests";
				PRODUCT_NAME = "$(TARGET_NAME)";
				SWIFT_OBJC_BRIDGING_HEADER = "ReflektorKit-Swift/ReflektorKitSwiftTests-Bridging-Header.h";
			};
			name = Release;
		};
/* End XCBuildConfiguration section */

/* Begin XCConfigurationList section */
		16218E511C4A50C7002CA83C /* Build configuration list for PBXNativeTarget "Watch" */ = {
			isa = XCConfigurationList;
			buildConfigurations = (
				16218E4F1C4A50C7002CA83C /* Debug */,
				16218E501C4A50C7002CA83C /* Release */,
			);
			defaultConfigurationIsVisible = 0;
			defaultConfigurationName = Release;
		};
		164F35941B5BE22F00E01834 /* Build configuration list for PBXProject "ReflektorKitSwift" */ = {
			isa = XCConfigurationList;
			buildConfigurations = (
				164F35AC1B5BE22F00E01834 /* Debug */,
				164F35AD1B5BE22F00E01834 /* Release */,
			);
			defaultConfigurationIsVisible = 0;
			defaultConfigurationName = Release;
		};
		164F35AE1B5BE22F00E01834 /* Build configuration list for PBXNativeTarget "Reflektor" */ = {
			isa = XCConfigurationList;
			buildConfigurations = (
				164F35AF1B5BE22F00E01834 /* Debug */,
				164F35B01B5BE22F00E01834 /* Release */,
			);
			defaultConfigurationIsVisible = 0;
			defaultConfigurationName = Release;
		};
		164F35B11B5BE22F00E01834 /* Build configuration list for PBXNativeTarget "ReflektorTests" */ = {
			isa = XCConfigurationList;
			buildConfigurations = (
				164F35B21B5BE22F00E01834 /* Debug */,
				164F35B31B5BE22F00E01834 /* Release */,
			);
			defaultConfigurationIsVisible = 0;
			defaultConfigurationName = Release;
		};
/* End XCConfigurationList section */
	};
	rootObject = 164F35911B5BE22F00E01834 /* Project object */;
}
